# This file is automatically @generated by Cargo.
# It is not intended for manual editing.
[[package]]
name = "challenge4"
version = "0.1.0"
dependencies = [
 "unicode-segmentation 1.4.0 (registry+https://github.com/rust-lang/crates.io-index)",
]

[[package]]
name = "unicode-segmentation"
version = "1.4.0"
source = "registry+https://github.com/rust-lang/crates.io-index"

[metadata]
"checksum unicode-segmentation 1.4.0 (registry+https://github.com/rust-lang/crates.io-index)" = "dc5415c074426c7c65db13bd647c23d78c0fb2e10dca0b8fb0f40058a59bccdf"
